// !$*UTF8*$!
{
	archiveVersion = 1;
	classes = {
	};
	objectVersion = 50;
	objects = {

/* Begin PBXBuildFile section */
		48025CD53BA7D518A64CDB5A /* libPods-RGUIKitDemo.a in Frameworks */ = {isa = PBXBuildFile; fileRef = 54BD3670DAB83B0E7DD379BE /* libPods-RGUIKitDemo.a */; };
		E60BEA982192C3500014BF2D /* PopTestViewController.m in Sources */ = {isa = PBXBuildFile; fileRef = E60BEA972192C3500014BF2D /* PopTestViewController.m */; };
		E61A04B42192B627008D35F1 /* AppDelegate.m in Sources */ = {isa = PBXBuildFile; fileRef = E61A04B32192B627008D35F1 /* AppDelegate.m */; };
		E61A04B72192B627008D35F1 /* ViewController.m in Sources */ = {isa = PBXBuildFile; fileRef = E61A04B62192B627008D35F1 /* ViewController.m */; };
		E61A04BA2192B627008D35F1 /* Main.storyboard in Resources */ = {isa = PBXBuildFile; fileRef = E61A04B82192B627008D35F1 /* Main.storyboard */; };
		E61A04BC2192B62A008D35F1 /* Assets.xcassets in Resources */ = {isa = PBXBuildFile; fileRef = E61A04BB2192B62A008D35F1 /* Assets.xcassets */; };
		E61A04BF2192B62A008D35F1 /* LaunchScreen.storyboard in Resources */ = {isa = PBXBuildFile; fileRef = E61A04BD2192B62A008D35F1 /* LaunchScreen.storyboard */; };
		E61A04C22192B62A008D35F1 /* main.m in Sources */ = {isa = PBXBuildFile; fileRef = E61A04C12192B62A008D35F1 /* main.m */; };
		E6B53EE5219527DD003D61DB /* RGNavigationTestViewController.m in Sources */ = {isa = PBXBuildFile; fileRef = E6B53EE4219527DD003D61DB /* RGNavigationTestViewController.m */; };
		E6DA65732193E71200BF3201 /* DrawViewController.m in Sources */ = {isa = PBXBuildFile; fileRef = E6DA65722193E71200BF3201 /* DrawViewController.m */; };
/* End PBXBuildFile section */

/* Begin PBXFileReference section */
		106BBB23C8219D6D69F685D5 /* Pods-RGUIKitDemo.release.xcconfig */ = {isa = PBXFileReference; includeInIndex = 1; lastKnownFileType = text.xcconfig; name = "Pods-RGUIKitDemo.release.xcconfig"; path = "Pods/Target Support Files/Pods-RGUIKitDemo/Pods-RGUIKitDemo.release.xcconfig"; sourceTree = "<group>"; };
		54BD3670DAB83B0E7DD379BE /* libPods-RGUIKitDemo.a */ = {isa = PBXFileReference; explicitFileType = archive.ar; includeInIndex = 0; path = "libPods-RGUIKitDemo.a"; sourceTree = BUILT_PRODUCTS_DIR; };
		7BA5490DA0EF93BE81FCB6B8 /* Pods-RGUIKitDemo.debug.xcconfig */ = {isa = PBXFileReference; includeInIndex = 1; lastKnownFileType = text.xcconfig; name = "Pods-RGUIKitDemo.debug.xcconfig"; path = "Pods/Target Support Files/Pods-RGUIKitDemo/Pods-RGUIKitDemo.debug.xcconfig"; sourceTree = "<group>"; };
		E60BEA962192C3500014BF2D /* PopTestViewController.h */ = {isa = PBXFileReference; lastKnownFileType = sourcecode.c.h; path = PopTestViewController.h; sourceTree = "<group>"; };
		E60BEA972192C3500014BF2D /* PopTestViewController.m */ = {isa = PBXFileReference; lastKnownFileType = sourcecode.c.objc; path = PopTestViewController.m; sourceTree = "<group>"; };
		E61A04AF2192B627008D35F1 /* RGUIKitDemo.app */ = {isa = PBXFileReference; explicitFileType = wrapper.application; includeInIndex = 0; path = RGUIKitDemo.app; sourceTree = BUILT_PRODUCTS_DIR; };
		E61A04B22192B627008D35F1 /* AppDelegate.h */ = {isa = PBXFileReference; lastKnownFileType = sourcecode.c.h; path = AppDelegate.h; sourceTree = "<group>"; };
		E61A04B32192B627008D35F1 /* AppDelegate.m */ = {isa = PBXFileReference; lastKnownFileType = sourcecode.c.objc; path = AppDelegate.m; sourceTree = "<group>"; };
		E61A04B52192B627008D35F1 /* ViewController.h */ = {isa = PBXFileReference; lastKnownFileType = sourcecode.c.h; path = ViewController.h; sourceTree = "<group>"; };
		E61A04B62192B627008D35F1 /* ViewController.m */ = {isa = PBXFileReference; lastKnownFileType = sourcecode.c.objc; path = ViewController.m; sourceTree = "<group>"; };
		E61A04B92192B627008D35F1 /* Base */ = {isa = PBXFileReference; lastKnownFileType = file.storyboard; name = Base; path = Base.lproj/Main.storyboard; sourceTree = "<group>"; };
		E61A04BB2192B62A008D35F1 /* Assets.xcassets */ = {isa = PBXFileReference; lastKnownFileType = folder.assetcatalog; path = Assets.xcassets; sourceTree = "<group>"; };
		E61A04BE2192B62A008D35F1 /* Base */ = {isa = PBXFileReference; lastKnownFileType = file.storyboard; name = Base; path = Base.lproj/LaunchScreen.storyboard; sourceTree = "<group>"; };
		E61A04C02192B62A008D35F1 /* Info.plist */ = {isa = PBXFileReference; lastKnownFileType = text.plist.xml; path = Info.plist; sourceTree = "<group>"; };
		E61A04C12192B62A008D35F1 /* main.m */ = {isa = PBXFileReference; lastKnownFileType = sourcecode.c.objc; path = main.m; sourceTree = "<group>"; };
		E632AFB321A4FDD6003C7A7F /* RGUIKitDemo.entitlements */ = {isa = PBXFileReference; lastKnownFileType = text.plist.entitlements; path = RGUIKitDemo.entitlements; sourceTree = "<group>"; };
		E6B53EE3219527DD003D61DB /* RGNavigationTestViewController.h */ = {isa = PBXFileReference; lastKnownFileType = sourcecode.c.h; path = RGNavigationTestViewController.h; sourceTree = "<group>"; };
		E6B53EE4219527DD003D61DB /* RGNavigationTestViewController.m */ = {isa = PBXFileReference; lastKnownFileType = sourcecode.c.objc; path = RGNavigationTestViewController.m; sourceTree = "<group>"; };
		E6DA65712193E71200BF3201 /* DrawViewController.h */ = {isa = PBXFileReference; lastKnownFileType = sourcecode.c.h; path = DrawViewController.h; sourceTree = "<group>"; };
		E6DA65722193E71200BF3201 /* DrawViewController.m */ = {isa = PBXFileReference; lastKnownFileType = sourcecode.c.objc; path = DrawViewController.m; sourceTree = "<group>"; };
/* End PBXFileReference section */

/* Begin PBXFrameworksBuildPhase section */
		E61A04AC2192B627008D35F1 /* Frameworks */ = {
			isa = PBXFrameworksBuildPhase;
			buildActionMask = 2147483647;
			files = (
				48025CD53BA7D518A64CDB5A /* libPods-RGUIKitDemo.a in Frameworks */,
			);
			runOnlyForDeploymentPostprocessing = 0;
		};
/* End PBXFrameworksBuildPhase section */

/* Begin PBXGroup section */
		ADBC4FF162169CCFA40D837B /* Pods */ = {
			isa = PBXGroup;
			children = (
				7BA5490DA0EF93BE81FCB6B8 /* Pods-RGUIKitDemo.debug.xcconfig */,
				106BBB23C8219D6D69F685D5 /* Pods-RGUIKitDemo.release.xcconfig */,
			);
			name = Pods;
			sourceTree = "<group>";
		};
		C6AA543EF5FF6F4D5D772CE6 /* Frameworks */ = {
			isa = PBXGroup;
			children = (
				54BD3670DAB83B0E7DD379BE /* libPods-RGUIKitDemo.a */,
			);
			name = Frameworks;
			sourceTree = "<group>";
		};
		E61A04A62192B627008D35F1 = {
			isa = PBXGroup;
			children = (
				E61A04B12192B627008D35F1 /* RGUIKitDemo */,
				E61A04B02192B627008D35F1 /* Products */,
				ADBC4FF162169CCFA40D837B /* Pods */,
				C6AA543EF5FF6F4D5D772CE6 /* Frameworks */,
			);
			sourceTree = "<group>";
		};
		E61A04B02192B627008D35F1 /* Products */ = {
			isa = PBXGroup;
			children = (
				E61A04AF2192B627008D35F1 /* RGUIKitDemo.app */,
			);
			name = Products;
			sourceTree = "<group>";
		};
		E61A04B12192B627008D35F1 /* RGUIKitDemo */ = {
			isa = PBXGroup;
			children = (
				E632AFB321A4FDD6003C7A7F /* RGUIKitDemo.entitlements */,
				E61A04B22192B627008D35F1 /* AppDelegate.h */,
				E61A04B32192B627008D35F1 /* AppDelegate.m */,
				E61A04B52192B627008D35F1 /* ViewController.h */,
				E61A04B62192B627008D35F1 /* ViewController.m */,
				E60BEA962192C3500014BF2D /* PopTestViewController.h */,
				E60BEA972192C3500014BF2D /* PopTestViewController.m */,
				E6DA65712193E71200BF3201 /* DrawViewController.h */,
				E6DA65722193E71200BF3201 /* DrawViewController.m */,
				E6B53EE3219527DD003D61DB /* RGNavigationTestViewController.h */,
				E6B53EE4219527DD003D61DB /* RGNavigationTestViewController.m */,
				E61A04B82192B627008D35F1 /* Main.storyboard */,
				E61A04BB2192B62A008D35F1 /* Assets.xcassets */,
				E61A04BD2192B62A008D35F1 /* LaunchScreen.storyboard */,
				E61A04C02192B62A008D35F1 /* Info.plist */,
				E61A04C12192B62A008D35F1 /* main.m */,
			);
			path = RGUIKitDemo;
			sourceTree = "<group>";
		};
/* End PBXGroup section */

/* Begin PBXNativeTarget section */
		E61A04AE2192B627008D35F1 /* RGUIKitDemo */ = {
			isa = PBXNativeTarget;
			buildConfigurationList = E61A04C52192B62A008D35F1 /* Build configuration list for PBXNativeTarget "RGUIKitDemo" */;
			buildPhases = (
				48486AEEDA4E3563124DA652 /* [CP] Check Pods Manifest.lock */,
				E61A04AB2192B627008D35F1 /* Sources */,
				E61A04AC2192B627008D35F1 /* Frameworks */,
				E61A04AD2192B627008D35F1 /* Resources */,
			);
			buildRules = (
			);
			dependencies = (
			);
			name = RGUIKitDemo;
			productName = RGUIKitDemo;
			productReference = E61A04AF2192B627008D35F1 /* RGUIKitDemo.app */;
			productType = "com.apple.product-type.application";
		};
/* End PBXNativeTarget section */

/* Begin PBXProject section */
		E61A04A72192B627008D35F1 /* Project object */ = {
			isa = PBXProject;
			attributes = {
				LastUpgradeCheck = 1010;
				ORGANIZATIONNAME = ld;
				TargetAttributes = {
					E61A04AE2192B627008D35F1 = {
						CreatedOnToolsVersion = 10.1;
						SystemCapabilities = {
							com.apple.ApplicationGroups.iOS = {
								enabled = 0;
							};
							com.apple.BackgroundModes = {
								enabled = 0;
							};
							com.apple.WAC = {
								enabled = 0;
							};
						};
					};
				};
			};
			buildConfigurationList = E61A04AA2192B627008D35F1 /* Build configuration list for PBXProject "RGUIKitDemo" */;
			compatibilityVersion = "Xcode 9.3";
			developmentRegion = en;
			hasScannedForEncodings = 0;
			knownRegions = (
				en,
				Base,
			);
			mainGroup = E61A04A62192B627008D35F1;
			productRefGroup = E61A04B02192B627008D35F1 /* Products */;
			projectDirPath = "";
			projectRoot = "";
			targets = (
				E61A04AE2192B627008D35F1 /* RGUIKitDemo */,
			);
		};
/* End PBXProject section */

/* Begin PBXResourcesBuildPhase section */
		E61A04AD2192B627008D35F1 /* Resources */ = {
			isa = PBXResourcesBuildPhase;
			buildActionMask = 2147483647;
			files = (
				E61A04BF2192B62A008D35F1 /* LaunchScreen.storyboard in Resources */,
				E61A04BC2192B62A008D35F1 /* Assets.xcassets in Resources */,
				E61A04BA2192B627008D35F1 /* Main.storyboard in Resources */,
			);
			runOnlyForDeploymentPostprocessing = 0;
		};
/* End PBXResourcesBuildPhase section */

/* Begin PBXShellScriptBuildPhase section */
		48486AEEDA4E3563124DA652 /* [CP] Check Pods Manifest.lock */ = {
			isa = PBXShellScriptBuildPhase;
			buildActionMask = 2147483647;
			files = (
			);
			inputPaths = (
				"${PODS_PODFILE_DIR_PATH}/Podfile.lock",
				"${PODS_ROOT}/Manifest.lock",
			);
			name = "[CP] Check Pods Manifest.lock";
			outputPaths = (
				"$(DERIVED_FILE_DIR)/Pods-RGUIKitDemo-checkManifestLockResult.txt",
			);
			runOnlyForDeploymentPostprocessing = 0;
			shellPath = /bin/sh;
			shellScript = "diff \"${PODS_PODFILE_DIR_PATH}/Podfile.lock\" \"${PODS_ROOT}/Manifest.lock\" > /dev/null\nif [ $? != 0 ] ; then\n    # print error to STDERR\n    echo \"error: The sandbox is not in sync with the Podfile.lock. Run 'pod install' or update your CocoaPods installation.\" >&2\n    exit 1\nfi\n# This output is used by Xcode 'outputs' to avoid re-running this script phase.\necho \"SUCCESS\" > \"${SCRIPT_OUTPUT_FILE_0}\"\n";
			showEnvVarsInLog = 0;
		};
/* End PBXShellScriptBuildPhase section */

/* Begin PBXSourcesBuildPhase section */
		E61A04AB2192B627008D35F1 /* Sources */ = {
			isa = PBXSourcesBuildPhase;
			buildActionMask = 2147483647;
			files = (
				E6B53EE5219527DD003D61DB /* RGNavigationTestViewController.m in Sources */,
				E60BEA982192C3500014BF2D /* PopTestViewController.m in Sources */,
				E6DA65732193E71200BF3201 /* DrawViewController.m in Sources */,
				E61A04B72192B627008D35F1 /* ViewController.m in Sources */,
				E61A04C22192B62A008D35F1 /* main.m in Sources */,
				E61A04B42192B627008D35F1 /* AppDelegate.m in Sources */,
			);
			runOnlyForDeploymentPostprocessing = 0;
		};
/* End PBXSourcesBuildPhase section */

/* Begin PBXVariantGroup section */
		E61A04B82192B627008D35F1 /* Main.storyboard */ = {
			isa = PBXVariantGroup;
			children = (
				E61A04B92192B627008D35F1 /* Base */,
			);
			name = Main.storyboard;
			sourceTree = "<group>";
		};
		E61A04BD2192B62A008D35F1 /* LaunchScreen.storyboard */ = {
			isa = PBXVariantGroup;
			children = (
				E61A04BE2192B62A008D35F1 /* Base */,
			);
			name = LaunchScreen.storyboard;
			sourceTree = "<group>";
		};
/* End PBXVariantGroup section */

/* Begin XCBuildConfiguration section */
		E61A04C32192B62A008D35F1 /* Debug */ = {
			isa = XCBuildConfiguration;
			buildSettings = {
				ALWAYS_SEARCH_USER_PATHS = NO;
				CLANG_ANALYZER_NONNULL = YES;
				CLANG_ANALYZER_NUMBER_OBJECT_CONVERSION = YES_AGGRESSIVE;
				CLANG_CXX_LANGUAGE_STANDARD = "gnu++14";
				CLANG_CXX_LIBRARY = "libc++";
				CLANG_ENABLE_MODULES = YES;
				CLANG_ENABLE_OBJC_ARC = YES;
				CLANG_ENABLE_OBJC_WEAK = YES;
				CLANG_WARN_BLOCK_CAPTURE_AUTORELEASING = YES;
				CLANG_WARN_BOOL_CONVERSION = YES;
				CLANG_WARN_COMMA = YES;
				CLANG_WARN_CONSTANT_CONVERSION = YES;
				CLANG_WARN_DEPRECATED_OBJC_IMPLEMENTATIONS = YES;
				CLANG_WARN_DIRECT_OBJC_ISA_USAGE = YES_ERROR;
				CLANG_WARN_DOCUMENTATION_COMMENTS = YES;
				CLANG_WARN_EMPTY_BODY = YES;
				CLANG_WARN_ENUM_CONVERSION = YES;
				CLANG_WARN_INFINITE_RECURSION = YES;
				CLANG_WARN_INT_CONVERSION = YES;
				CLANG_WARN_NON_LITERAL_NULL_CONVERSION = YES;
				CLANG_WARN_OBJC_IMPLICIT_RETAIN_SELF = YES;
				CLANG_WARN_OBJC_LITERAL_CONVERSION = YES;
				CLANG_WARN_OBJC_ROOT_CLASS = YES_ERROR;
				CLANG_WARN_RANGE_LOOP_ANALYSIS = YES;
				CLANG_WARN_STRICT_PROTOTYPES = YES;
				CLANG_WARN_SUSPICIOUS_MOVE = YES;
				CLANG_WARN_UNGUARDED_AVAILABILITY = YES_AGGRESSIVE;
				CLANG_WARN_UNREACHABLE_CODE = YES;
				CLANG_WARN__DUPLICATE_METHOD_MATCH = YES;
				CODE_SIGN_IDENTITY = "iPhone Developer";
				COPY_PHASE_STRIP = NO;
				DEBUG_INFORMATION_FORMAT = dwarf;
				ENABLE_STRICT_OBJC_MSGSEND = YES;
				ENABLE_TESTABILITY = YES;
				GCC_C_LANGUAGE_STANDARD = gnu11;
				GCC_DYNAMIC_NO_PIC = NO;
				GCC_NO_COMMON_BLOCKS = YES;
				GCC_OPTIMIZATION_LEVEL = 0;
				GCC_PREPROCESSOR_DEFINITIONS = (
					"DEBUG=1",
					"$(inherited)",
				);
				GCC_WARN_64_TO_32_BIT_CONVERSION = YES;
				GCC_WARN_ABOUT_RETURN_TYPE = YES_ERROR;
				GCC_WARN_UNDECLARED_SELECTOR = YES;
				GCC_WARN_UNINITIALIZED_AUTOS = YES_AGGRESSIVE;
				GCC_WARN_UNUSED_FUNCTION = YES;
				GCC_WARN_UNUSED_VARIABLE = YES;
				IPHONEOS_DEPLOYMENT_TARGET = 12.1;
				MTL_ENABLE_DEBUG_INFO = INCLUDE_SOURCE;
				MTL_FAST_MATH = YES;
				ONLY_ACTIVE_ARCH = YES;
				OTHER_LDFLAGS = "-ObjC";
				SDKROOT = iphoneos;
			};
			name = Debug;
		};
		E61A04C42192B62A008D35F1 /* Release */ = {
			isa = XCBuildConfiguration;
			buildSettings = {
				ALWAYS_SEARCH_USER_PATHS = NO;
				CLANG_ANALYZER_NONNULL = YES;
				CLANG_ANALYZER_NUMBER_OBJECT_CONVERSION = YES_AGGRESSIVE;
				CLANG_CXX_LANGUAGE_STANDARD = "gnu++14";
				CLANG_CXX_LIBRARY = "libc++";
				CLANG_ENABLE_MODULES = YES;
				CLANG_ENABLE_OBJC_ARC = YES;
				CLANG_ENABLE_OBJC_WEAK = YES;
				CLANG_WARN_BLOCK_CAPTURE_AUTORELEASING = YES;
				CLANG_WARN_BOOL_CONVERSION = YES;
				CLANG_WARN_COMMA = YES;
				CLANG_WARN_CONSTANT_CONVERSION = YES;
				CLANG_WARN_DEPRECATED_OBJC_IMPLEMENTATIONS = YES;
				CLANG_WARN_DIRECT_OBJC_ISA_USAGE = YES_ERROR;
				CLANG_WARN_DOCUMENTATION_COMMENTS = YES;
				CLANG_WARN_EMPTY_BODY = YES;
				CLANG_WARN_ENUM_CONVERSION = YES;
				CLANG_WARN_INFINITE_RECURSION = YES;
				CLANG_WARN_INT_CONVERSION = YES;
				CLANG_WARN_NON_LITERAL_NULL_CONVERSION = YES;
				CLANG_WARN_OBJC_IMPLICIT_RETAIN_SELF = YES;
				CLANG_WARN_OBJC_LITERAL_CONVERSION = YES;
				CLANG_WARN_OBJC_ROOT_CLASS = YES_ERROR;
				CLANG_WARN_RANGE_LOOP_ANALYSIS = YES;
				CLANG_WARN_STRICT_PROTOTYPES = YES;
				CLANG_WARN_SUSPICIOUS_MOVE = YES;
				CLANG_WARN_UNGUARDED_AVAILABILITY = YES_AGGRESSIVE;
				CLANG_WARN_UNREACHABLE_CODE = YES;
				CLANG_WARN__DUPLICATE_METHOD_MATCH = YES;
				CODE_SIGN_IDENTITY = "iPhone Developer";
				COPY_PHASE_STRIP = NO;
				DEBUG_INFORMATION_FORMAT = "dwarf-with-dsym";
				ENABLE_NS_ASSERTIONS = NO;
				ENABLE_STRICT_OBJC_MSGSEND = YES;
				GCC_C_LANGUAGE_STANDARD = gnu11;
				GCC_NO_COMMON_BLOCKS = YES;
				GCC_WARN_64_TO_32_BIT_CONVERSION = YES;
				GCC_WARN_ABOUT_RETURN_TYPE = YES_ERROR;
				GCC_WARN_UNDECLARED_SELECTOR = YES;
				GCC_WARN_UNINITIALIZED_AUTOS = YES_AGGRESSIVE;
				GCC_WARN_UNUSED_FUNCTION = YES;
				GCC_WARN_UNUSED_VARIABLE = YES;
				IPHONEOS_DEPLOYMENT_TARGET = 12.1;
				MTL_ENABLE_DEBUG_INFO = NO;
				MTL_FAST_MATH = YES;
				OTHER_LDFLAGS = "-ObjC";
				SDKROOT = iphoneos;
				VALIDATE_PRODUCT = YES;
			};
			name = Release;
		};
		E61A04C62192B62A008D35F1 /* Debug */ = {
			isa = XCBuildConfiguration;
			baseConfigurationReference = 7BA5490DA0EF93BE81FCB6B8 /* Pods-RGUIKitDemo.debug.xcconfig */;
			buildSettings = {
				ASSETCATALOG_COMPILER_APPICON_NAME = AppIcon;
				CODE_SIGN_IDENTITY = "iPhone Developer";
				CODE_SIGN_STYLE = Automatic;
				DEVELOPMENT_TEAM = 59Q4A65TJN;
				FRAMEWORK_SEARCH_PATHS = (
					"$(inherited)",
					"$(PROJECT_DIR)/RGUIKitDemo",
				);
				INFOPLIST_FILE = RGUIKitDemo/Info.plist;
				IPHONEOS_DEPLOYMENT_TARGET = 8.0;
				LD_RUNPATH_SEARCH_PATHS = (
					"$(inherited)",
					"@executable_path/Frameworks",
				);
				OTHER_LDFLAGS = "$(inherited)";
				PRODUCT_BUNDLE_IDENTIFIER = com.renge.ui.RGUIKitDemo;
				PRODUCT_NAME = "$(TARGET_NAME)";
				PROVISIONING_PROFILE_SPECIFIER = "";
				TARGETED_DEVICE_FAMILY = "1,2";
			};
			name = Debug;
		};
		E61A04C72192B62A008D35F1 /* Release */ = {
			isa = XCBuildConfiguration;
			baseConfigurationReference = 106BBB23C8219D6D69F685D5 /* Pods-RGUIKitDemo.release.xcconfig */;
			buildSettings = {
				ASSETCATALOG_COMPILER_APPICON_NAME = AppIcon;
				CODE_SIGN_IDENTITY = "iPhone Developer";
				CODE_SIGN_STYLE = Automatic;
				DEVELOPMENT_TEAM = 59Q4A65TJN;
				FRAMEWORK_SEARCH_PATHS = (
					"$(inherited)",
					"$(PROJECT_DIR)/RGUIKitDemo",
				);
				INFOPLIST_FILE = RGUIKitDemo/Info.plist;
				IPHONEOS_DEPLOYMENT_TARGET = 8.0;
				LD_RUNPATH_SEARCH_PATHS = (
					"$(inherited)",
					"@executable_path/Frameworks",
				);
				OTHER_LDFLAGS = "$(inherited)";
				PRODUCT_BUNDLE_IDENTIFIER = com.renge.ui.RGUIKitDemo;
				PRODUCT_NAME = "$(TARGET_NAME)";
				PROVISIONING_PROFILE_SPECIFIER = "";
				TARGETED_DEVICE_FAMILY = "1,2";
			};
			name = Release;
		};
/* End XCBuildConfiguration section */

/* Begin XCConfigurationList section */
		E61A04AA2192B627008D35F1 /* Build configuration list for PBXProject "RGUIKitDemo" */ = {
			isa = XCConfigurationList;
			buildConfigurations = (
				E61A04C32192B62A008D35F1 /* Debug */,
				E61A04C42192B62A008D35F1 /* Release */,
			);
			defaultConfigurationIsVisible = 0;
			defaultConfigurationName = Release;
		};
		E61A04C52192B62A008D35F1 /* Build configuration list for PBXNativeTarget "RGUIKitDemo" */ = {
			isa = XCConfigurationList;
			buildConfigurations = (
				E61A04C62192B62A008D35F1 /* Debug */,
				E61A04C72192B62A008D35F1 /* Release */,
			);
			defaultConfigurationIsVisible = 0;
			defaultConfigurationName = Release;
		};
/* End XCConfigurationList section */
	};
	rootObject = E61A04A72192B627008D35F1 /* Project object */;
}
